// !$*UTF8*$!
{
	archiveVersion = 1;
	classes = {
	};
	objectVersion = 77;
	objects = {

/* Begin PBXBuildFile section */
		10AF18CC59A485D0E89E3AE4 /* BydVehicleService.swift in Sources */ = {isa = PBXBuildFile; fileRef = 7CBA5591971F2800B9092FCC /* BydVehicleService.swift */; };
		118BE4695A1D886EECE6C705 /* ChargingRatePlan.swift in Sources */ = {isa = PBXBuildFile; fileRef = E4C42A319B52D058B5D18275 /* ChargingRatePlan.swift */; };
		16447B36012F710AB286B64E /* LogView.swift in Sources */ = {isa = PBXBuildFile; fileRef = 93B6DC82184B73DB89850581 /* LogView.swift */; };
		208F4E2D120B873C14543110 /* Assets.xcassets in Resources */ = {isa = PBXBuildFile; fileRef = 1990F1E772C2BBD6CF01F33C /* Assets.xcassets */; };
		3616E564342AA6231D532E88 /* SessionDetector.swift in Sources */ = {isa = PBXBuildFile; fileRef = FCC034E754C027617E4576C9 /* SessionDetector.swift */; };
		3C652F7733AC00389C9337A3 /* CryptoUtils.swift in Sources */ = {isa = PBXBuildFile; fileRef = 48AE185E2151EDE05B586C51 /* CryptoUtils.swift */; };
		3D77981F6B6F7728562F8B86 /* VehicleStatus.swift in Sources */ = {isa = PBXBuildFile; fileRef = 9D5EDF879787470F3D9CC43C /* VehicleStatus.swift */; };
		451D3F1F7662F6941E2AD22F /* DataPoint.swift in Sources */ = {isa = PBXBuildFile; fileRef = 20EA78FF1C786628B2798904 /* DataPoint.swift */; };
		5D87049D8BCD49A0804FBB84 /* BydConfig.swift in Sources */ = {isa = PBXBuildFile; fileRef = CEC1E56A6C4032632BC08F3C /* BydConfig.swift */; };
		640B3541C8B12CC9321186F8 /* DashboardView.swift in Sources */ = {isa = PBXBuildFile; fileRef = 678DCBC896CF337E6B355C61 /* DashboardView.swift */; };
		660E602DDCDBA34697C0F31D /* LogManager.swift in Sources */ = {isa = PBXBuildFile; fileRef = 3F35B4C9FE85831AFCEFF81A /* LogManager.swift */; };
		6614C803145731FD9787DF40 /* ChargingSessionsView.swift in Sources */ = {isa = PBXBuildFile; fileRef = 26054D2FBC8FCC5F9F74267F /* ChargingSessionsView.swift */; };
		83A73F63946EF43788ADB5E6 /* BydLiveActivityWidget.swift in Sources */ = {isa = PBXBuildFile; fileRef = 6653347E41F53E5CB796D88A /* BydLiveActivityWidget.swift */; };
		86C8D3D45A0A0AAF166B2995 /* BydStatsApp.swift in Sources */ = {isa = PBXBuildFile; fileRef = F06B305251905D6603FA9E63 /* BydStatsApp.swift */; };
		9136A848A8E4299DFF1C4D4C /* BackgroundTasks.framework in Frameworks */ = {isa = PBXBuildFile; fileRef = 04788C17EDAEA6AB900D4CD7 /* BackgroundTasks.framework */; };
		938E5A704DF60CF1DDE965A0 /* BydStatsWidget.swift in Sources */ = {isa = PBXBuildFile; fileRef = 0F4DE63D18E7644C243C48B7 /* BydStatsWidget.swift */; };
		958CF93A2A73107D9886AC39 /* BangcleCodec.swift in Sources */ = {isa = PBXBuildFile; fileRef = B4CB72E0D2309D7CCB57F607 /* BangcleCodec.swift */; };
		A70C3A8D45BFCADD57F32F84 /* AppState.swift in Sources */ = {isa = PBXBuildFile; fileRef = 75E0E43408803368C57760D7 /* AppState.swift */; };
		A8BC02C343B2C38A23D08BF9 /* BydLiveActivityAttributes.swift in Sources */ = {isa = PBXBuildFile; fileRef = E58632732CA0B66A8C2885E4 /* BydLiveActivityAttributes.swift */; };
		AB495C8B74C88FCF09291E60 /* BydLiveActivityAttributes.swift in Sources */ = {isa = PBXBuildFile; fileRef = E58632732CA0B66A8C2885E4 /* BydLiveActivityAttributes.swift */; };
		BD55B46A54855E3245764BE2 /* ChargingSession.swift in Sources */ = {isa = PBXBuildFile; fileRef = CED46F84CE16CB39AC823C2D /* ChargingSession.swift */; };
		BDB868C6014604F546C61A88 /* KeychainHelper.swift in Sources */ = {isa = PBXBuildFile; fileRef = 7DCFA75EA19A394902CCE405 /* KeychainHelper.swift */; };
		CA2FC86C3B52ECC68A0369F6 /* BydStatsWidget.appex in Embed Foundation Extensions */ = {isa = PBXBuildFile; fileRef = 5230D93792F5A73C41BE5132 /* BydStatsWidget.appex */; settings = {ATTRIBUTES = (RemoveHeadersOnCopy, ); }; };
		CCA78E09C92B3B5FC57EC9DC /* AppDelegate.swift in Sources */ = {isa = PBXBuildFile; fileRef = 059DFA08AD29A0C22AE31C92 /* AppDelegate.swift */; };
		DD6418659FE194E439C1BE72 /* WidgetDataStore.swift in Sources */ = {isa = PBXBuildFile; fileRef = 36251AF800585C0A27374429 /* WidgetDataStore.swift */; };
		E2798155C7FC2BA69B29D96B /* SettingsView.swift in Sources */ = {isa = PBXBuildFile; fileRef = 6AA38E6C00179069BE9C7228 /* SettingsView.swift */; };
		EAE905422372203A216641B0 /* BackgroundTaskManager.swift in Sources */ = {isa = PBXBuildFile; fileRef = 65D3575DF625F74C77F623E3 /* BackgroundTaskManager.swift */; };
		EC1ACA703ADD5B166EFEBB6A /* LocationTracker.swift in Sources */ = {isa = PBXBuildFile; fileRef = 02413885B19CE905A59512AA /* LocationTracker.swift */; };
		EDB725EF83E99A0603059D0E /* DrivingSession.swift in Sources */ = {isa = PBXBuildFile; fileRef = CBBA57DECFE34014901A9499 /* DrivingSession.swift */; };
		F287901D15F29FF081D65415 /* PushRegistrar.swift in Sources */ = {isa = PBXBuildFile; fileRef = EAA589244C6F3113DCC65B53 /* PushRegistrar.swift */; };
		F3BE89AF622ED96C7AD497D6 /* bangcle_tables.bin in Resources */ = {isa = PBXBuildFile; fileRef = DB27E28B744FBC2888F6B621 /* bangcle_tables.bin */; };
		F4E2B316D810DD29234622AD /* DrivingSessionsView.swift in Sources */ = {isa = PBXBuildFile; fileRef = 7E28C32611824F87DF2AE410 /* DrivingSessionsView.swift */; };
		F5567F0F0563D363AFBA50C5 /* BatteryHistoryView.swift in Sources */ = {isa = PBXBuildFile; fileRef = BFE26BE12BB53A6F1A5FB5C2 /* BatteryHistoryView.swift */; };
/* End PBXBuildFile section */

/* Begin PBXContainerItemProxy section */
		96E8B57DA1C6A631C07124F2 /* PBXContainerItemProxy */ = {
			isa = PBXContainerItemProxy;
			containerPortal = A4E9441F5F76E3B0B72FF45D /* Project object */;
			proxyType = 1;
			remoteGlobalIDString = 6AB67B9B67D76E945F21D96B;
			remoteInfo = BydStatsWidget;
		};
/* End PBXContainerItemProxy section */

/* Begin PBXCopyFilesBuildPhase section */
		0164875D548EE1601B12245E /* Embed Foundation Extensions */ = {
			isa = PBXCopyFilesBuildPhase;
			buildActionMask = 2147483647;
			dstPath = "";
			dstSubfolderSpec = 13;
			files = (
				CA2FC86C3B52ECC68A0369F6 /* BydStatsWidget.appex in Embed Foundation Extensions */,
			);
			name = "Embed Foundation Extensions";
			runOnlyForDeploymentPostprocessing = 0;
		};
/* End PBXCopyFilesBuildPhase section */

/* Begin PBXFileReference section */
		02413885B19CE905A59512AA /* LocationTracker.swift */ = {isa = PBXFileReference; lastKnownFileType = sourcecode.swift; path = LocationTracker.swift; sourceTree = "<group>"; };
		04788C17EDAEA6AB900D4CD7 /* BackgroundTasks.framework */ = {isa = PBXFileReference; lastKnownFileType = wrapper.framework; path = BackgroundTasks.framework; sourceTree = "<group>"; };
		059DFA08AD29A0C22AE31C92 /* AppDelegate.swift */ = {isa = PBXFileReference; lastKnownFileType = sourcecode.swift; path = AppDelegate.swift; sourceTree = "<group>"; };
		0F4DE63D18E7644C243C48B7 /* BydStatsWidget.swift */ = {isa = PBXFileReference; lastKnownFileType = sourcecode.swift; path = BydStatsWidget.swift; sourceTree = "<group>"; };
		13A9ED1EF72A76C8DE01668C /* Secrets.xcconfig */ = {isa = PBXFileReference; lastKnownFileType = text.xcconfig; path = Secrets.xcconfig; sourceTree = "<group>"; };
		1990F1E772C2BBD6CF01F33C /* Assets.xcassets */ = {isa = PBXFileReference; lastKnownFileType = folder.assetcatalog; path = Assets.xcassets; sourceTree = "<group>"; };
		20EA78FF1C786628B2798904 /* DataPoint.swift */ = {isa = PBXFileReference; lastKnownFileType = sourcecode.swift; path = DataPoint.swift; sourceTree = "<group>"; };
		26054D2FBC8FCC5F9F74267F /* ChargingSessionsView.swift */ = {isa = PBXFileReference; lastKnownFileType = sourcecode.swift; path = ChargingSessionsView.swift; sourceTree = "<group>"; };
		36251AF800585C0A27374429 /* WidgetDataStore.swift */ = {isa = PBXFileReference; lastKnownFileType = sourcecode.swift; path = WidgetDataStore.swift; sourceTree = "<group>"; };
		3F35B4C9FE85831AFCEFF81A /* LogManager.swift */ = {isa = PBXFileReference; lastKnownFileType = sourcecode.swift; path = LogManager.swift; sourceTree = "<group>"; };
		48AE185E2151EDE05B586C51 /* CryptoUtils.swift */ = {isa = PBXFileReference; lastKnownFileType = sourcecode.swift; path = CryptoUtils.swift; sourceTree = "<group>"; };
		5230D93792F5A73C41BE5132 /* BydStatsWidget.appex */ = {isa = PBXFileReference; includeInIndex = 0; lastKnownFileType = "wrapper.app-extension"; path = BydStatsWidget.appex; sourceTree = BUILT_PRODUCTS_DIR; };
		585EE410D55F691D52EE00AD /* BydStats.app */ = {isa = PBXFileReference; includeInIndex = 0; lastKnownFileType = wrapper.application; path = BydStats.app; sourceTree = BUILT_PRODUCTS_DIR; };
		65D3575DF625F74C77F623E3 /* BackgroundTaskManager.swift */ = {isa = PBXFileReference; lastKnownFileType = sourcecode.swift; path = BackgroundTaskManager.swift; sourceTree = "<group>"; };
		6653347E41F53E5CB796D88A /* BydLiveActivityWidget.swift */ = {isa = PBXFileReference; lastKnownFileType = sourcecode.swift; path = BydLiveActivityWidget.swift; sourceTree = "<group>"; };
		678DCBC896CF337E6B355C61 /* DashboardView.swift */ = {isa = PBXFileReference; lastKnownFileType = sourcecode.swift; path = DashboardView.swift; sourceTree = "<group>"; };
		6AA38E6C00179069BE9C7228 /* SettingsView.swift */ = {isa = PBXFileReference; lastKnownFileType = sourcecode.swift; path = SettingsView.swift; sourceTree = "<group>"; };
		75E0E43408803368C57760D7 /* AppState.swift */ = {isa = PBXFileReference; lastKnownFileType = sourcecode.swift; path = AppState.swift; sourceTree = "<group>"; };
		762475AEEAE8D4D829E18F11 /* BydStats.entitlements */ = {isa = PBXFileReference; lastKnownFileType = text.plist.entitlements; path = BydStats.entitlements; sourceTree = "<group>"; };
		7CBA5591971F2800B9092FCC /* BydVehicleService.swift */ = {isa = PBXFileReference; lastKnownFileType = sourcecode.swift; path = BydVehicleService.swift; sourceTree = "<group>"; };
		7DCFA75EA19A394902CCE405 /* KeychainHelper.swift */ = {isa = PBXFileReference; lastKnownFileType = sourcecode.swift; path = KeychainHelper.swift; sourceTree = "<group>"; };
		7DF0B4BEFFDCA128387D1638 /* Info.plist */ = {isa = PBXFileReference; lastKnownFileType = text.plist; path = Info.plist; sourceTree = "<group>"; };
		7E28C32611824F87DF2AE410 /* DrivingSessionsView.swift */ = {isa = PBXFileReference; lastKnownFileType = sourcecode.swift; path = DrivingSessionsView.swift; sourceTree = "<group>"; };
		93B6DC82184B73DB89850581 /* LogView.swift */ = {isa = PBXFileReference; lastKnownFileType = sourcecode.swift; path = LogView.swift; sourceTree = "<group>"; };
		9D5EDF879787470F3D9CC43C /* VehicleStatus.swift */ = {isa = PBXFileReference; lastKnownFileType = sourcecode.swift; path = VehicleStatus.swift; sourceTree = "<group>"; };
		B4CB72E0D2309D7CCB57F607 /* BangcleCodec.swift */ = {isa = PBXFileReference; lastKnownFileType = sourcecode.swift; path = BangcleCodec.swift; sourceTree = "<group>"; };
		BC8FC3E4D9E4E384509E5239 /* BydStatsWidget.entitlements */ = {isa = PBXFileReference; lastKnownFileType = text.plist.entitlements; path = BydStatsWidget.entitlements; sourceTree = "<group>"; };
		BFE26BE12BB53A6F1A5FB5C2 /* BatteryHistoryView.swift */ = {isa = PBXFileReference; lastKnownFileType = sourcecode.swift; path = BatteryHistoryView.swift; sourceTree = "<group>"; };
		CBBA57DECFE34014901A9499 /* DrivingSession.swift */ = {isa = PBXFileReference; lastKnownFileType = sourcecode.swift; path = DrivingSession.swift; sourceTree = "<group>"; };
		CEC1E56A6C4032632BC08F3C /* BydConfig.swift */ = {isa = PBXFileReference; lastKnownFileType = sourcecode.swift; path = BydConfig.swift; sourceTree = "<group>"; };
		CED46F84CE16CB39AC823C2D /* ChargingSession.swift */ = {isa = PBXFileReference; lastKnownFileType = sourcecode.swift; path = ChargingSession.swift; sourceTree = "<group>"; };
		DB27E28B744FBC2888F6B621 /* bangcle_tables.bin */ = {isa = PBXFileReference; lastKnownFileType = archive.macbinary; path = bangcle_tables.bin; sourceTree = "<group>"; };
		DD02993CC5C4CAECF6E37313 /* Info.plist */ = {isa = PBXFileReference; lastKnownFileType = text.plist; path = Info.plist; sourceTree = "<group>"; };
		E4C42A319B52D058B5D18275 /* ChargingRatePlan.swift */ = {isa = PBXFileReference; lastKnownFileType = sourcecode.swift; path = ChargingRatePlan.swift; sourceTree = "<group>"; };
		E58632732CA0B66A8C2885E4 /* BydLiveActivityAttributes.swift */ = {isa = PBXFileReference; lastKnownFileType = sourcecode.swift; path = BydLiveActivityAttributes.swift; sourceTree = "<group>"; };
		EAA589244C6F3113DCC65B53 /* PushRegistrar.swift */ = {isa = PBXFileReference; lastKnownFileType = sourcecode.swift; path = PushRegistrar.swift; sourceTree = "<group>"; };
		F06B305251905D6603FA9E63 /* BydStatsApp.swift */ = {isa = PBXFileReference; lastKnownFileType = sourcecode.swift; path = BydStatsApp.swift; sourceTree = "<group>"; };
		FCC034E754C027617E4576C9 /* SessionDetector.swift */ = {isa = PBXFileReference; lastKnownFileType = sourcecode.swift; path = SessionDetector.swift; sourceTree = "<group>"; };
/* End PBXFileReference section */

/* Begin PBXFrameworksBuildPhase section */
		701F6C500ACF94FDDC479E5B /* Frameworks */ = {
			isa = PBXFrameworksBuildPhase;
			buildActionMask = 2147483647;
			files = (
				9136A848A8E4299DFF1C4D4C /* BackgroundTasks.framework in Frameworks */,
			);
			runOnlyForDeploymentPostprocessing = 0;
		};
/* End PBXFrameworksBuildPhase section */

/* Begin PBXGroup section */
		155C262B95E62586C3AC36C8 /* Frameworks */ = {
			isa = PBXGroup;
			children = (
				04788C17EDAEA6AB900D4CD7 /* BackgroundTasks.framework */,
			);
			name = Frameworks;
			sourceTree = "<group>";
		};
		2EDA505176A16E5A8A0B393D /* Products */ = {
			isa = PBXGroup;
			children = (
				585EE410D55F691D52EE00AD /* BydStats.app */,
				5230D93792F5A73C41BE5132 /* BydStatsWidget.appex */,
			);
			name = Products;
			sourceTree = "<group>";
		};
		6BCE28D3716732F9893702CB /* App */ = {
			isa = PBXGroup;
			children = (
				059DFA08AD29A0C22AE31C92 /* AppDelegate.swift */,
				75E0E43408803368C57760D7 /* AppState.swift */,
				F06B305251905D6603FA9E63 /* BydStatsApp.swift */,
			);
			path = App;
			sourceTree = "<group>";
		};
		6FE3641C324950138D9D27AF /* Views */ = {
			isa = PBXGroup;
			children = (
				BFE26BE12BB53A6F1A5FB5C2 /* BatteryHistoryView.swift */,
				26054D2FBC8FCC5F9F74267F /* ChargingSessionsView.swift */,
				678DCBC896CF337E6B355C61 /* DashboardView.swift */,
				7E28C32611824F87DF2AE410 /* DrivingSessionsView.swift */,
				93B6DC82184B73DB89850581 /* LogView.swift */,
				6AA38E6C00179069BE9C7228 /* SettingsView.swift */,
			);
			path = Views;
			sourceTree = "<group>";
		};
		854A21644A3EC94959FE687E /* Services */ = {
			isa = PBXGroup;
			children = (
				65D3575DF625F74C77F623E3 /* BackgroundTaskManager.swift */,
				B4CB72E0D2309D7CCB57F607 /* BangcleCodec.swift */,
				CEC1E56A6C4032632BC08F3C /* BydConfig.swift */,
				7CBA5591971F2800B9092FCC /* BydVehicleService.swift */,
				48AE185E2151EDE05B586C51 /* CryptoUtils.swift */,
				7DCFA75EA19A394902CCE405 /* KeychainHelper.swift */,
				02413885B19CE905A59512AA /* LocationTracker.swift */,
				3F35B4C9FE85831AFCEFF81A /* LogManager.swift */,
				EAA589244C6F3113DCC65B53 /* PushRegistrar.swift */,
				FCC034E754C027617E4576C9 /* SessionDetector.swift */,
				36251AF800585C0A27374429 /* WidgetDataStore.swift */,
			);
			path = Services;
			sourceTree = "<group>";
		};
		B699EEDAF36D9C1F443BCB6B /* Models */ = {
			isa = PBXGroup;
			children = (
				E4C42A319B52D058B5D18275 /* ChargingRatePlan.swift */,
				CED46F84CE16CB39AC823C2D /* ChargingSession.swift */,
				20EA78FF1C786628B2798904 /* DataPoint.swift */,
				CBBA57DECFE34014901A9499 /* DrivingSession.swift */,
				9D5EDF879787470F3D9CC43C /* VehicleStatus.swift */,
			);
			path = Models;
			sourceTree = "<group>";
		};
		E2D1CE558F416AC8CC232111 /* BydStatsWidget */ = {
			isa = PBXGroup;
			children = (
				E58632732CA0B66A8C2885E4 /* BydLiveActivityAttributes.swift */,
				6653347E41F53E5CB796D88A /* BydLiveActivityWidget.swift */,
				BC8FC3E4D9E4E384509E5239 /* BydStatsWidget.entitlements */,
				0F4DE63D18E7644C243C48B7 /* BydStatsWidget.swift */,
				7DF0B4BEFFDCA128387D1638 /* Info.plist */,
			);
			path = BydStatsWidget;
			sourceTree = "<group>";
		};
		E513BDE14AB155EF487C8BC4 /* BydStats */ = {
			isa = PBXGroup;
			children = (
				6BCE28D3716732F9893702CB /* App */,
				B699EEDAF36D9C1F443BCB6B /* Models */,
				F2A4F385A131D8C061D6818D /* Resources */,
				854A21644A3EC94959FE687E /* Services */,
				6FE3641C324950138D9D27AF /* Views */,
			);
			path = BydStats;
			sourceTree = "<group>";
		};
		EAAAF0BE9AB7AFDBD9D37E9B = {
			isa = PBXGroup;
			children = (
				E513BDE14AB155EF487C8BC4 /* BydStats */,
				E2D1CE558F416AC8CC232111 /* BydStatsWidget */,
				155C262B95E62586C3AC36C8 /* Frameworks */,
				2EDA505176A16E5A8A0B393D /* Products */,
			);
			sourceTree = "<group>";
		};
		F2A4F385A131D8C061D6818D /* Resources */ = {
			isa = PBXGroup;
			children = (
				1990F1E772C2BBD6CF01F33C /* Assets.xcassets */,
				DB27E28B744FBC2888F6B621 /* bangcle_tables.bin */,
				762475AEEAE8D4D829E18F11 /* BydStats.entitlements */,
				DD02993CC5C4CAECF6E37313 /* Info.plist */,
				13A9ED1EF72A76C8DE01668C /* Secrets.xcconfig */,
			);
			path = Resources;
			sourceTree = "<group>";
		};
/* End PBXGroup section */

/* Begin PBXNativeTarget section */
		5FCB231BE0E4688D10F7EC56 /* BydStats */ = {
			isa = PBXNativeTarget;
			buildConfigurationList = 3331B39814B27B887ED4F70E /* Build configuration list for PBXNativeTarget "BydStats" */;
			buildPhases = (
				EBB6273E3C251977939906F3 /* Sources */,
				F068B644CAEA687CAC123FEB /* Resources */,
				701F6C500ACF94FDDC479E5B /* Frameworks */,
				0164875D548EE1601B12245E /* Embed Foundation Extensions */,
			);
			buildRules = (
			);
			dependencies = (
				F4E5D07B3AD8DE69409F2E67 /* PBXTargetDependency */,
			);
			name = BydStats;
			packageProductDependencies = (
			);
			productName = BydStats;
			productReference = 585EE410D55F691D52EE00AD /* BydStats.app */;
			productType = "com.apple.product-type.application";
		};
		6AB67B9B67D76E945F21D96B /* BydStatsWidget */ = {
			isa = PBXNativeTarget;
			buildConfigurationList = 6A7077EAA1542B1F7AF79997 /* Build configuration list for PBXNativeTarget "BydStatsWidget" */;
			buildPhases = (
				0455B6080626F2E59EBCF026 /* Sources */,
			);
			buildRules = (
			);
			dependencies = (
			);
			name = BydStatsWidget;
			packageProductDependencies = (
			);
			productName = BydStatsWidget;
			productReference = 5230D93792F5A73C41BE5132 /* BydStatsWidget.appex */;
			productType = "com.apple.product-type.app-extension";
		};
/* End PBXNativeTarget section */

/* Begin PBXProject section */
		A4E9441F5F76E3B0B72FF45D /* Project object */ = {
			isa = PBXProject;
			attributes = {
				BuildIndependentTargetsInParallel = YES;
				LastUpgradeCheck = 1600;
				TargetAttributes = {
					5FCB231BE0E4688D10F7EC56 = {
						DevelopmentTeam = "";
					};
					6AB67B9B67D76E945F21D96B = {
						DevelopmentTeam = "";
					};
				};
			};
			buildConfigurationList = 4A0D5965CAB5675D5E21DAB4 /* Build configuration list for PBXProject "BydStats" */;
			developmentRegion = en;
			hasScannedForEncodings = 0;
			knownRegions = (
				Base,
				en,
			);
			mainGroup = EAAAF0BE9AB7AFDBD9D37E9B;
			minimizedProjectReferenceProxies = 1;
			preferredProjectObjectVersion = 77;
			productRefGroup = 2EDA505176A16E5A8A0B393D /* Products */;
			projectDirPath = "";
			projectRoot = "";
			targets = (
				5FCB231BE0E4688D10F7EC56 /* BydStats */,
				6AB67B9B67D76E945F21D96B /* BydStatsWidget */,
			);
		};
/* End PBXProject section */

/* Begin PBXResourcesBuildPhase section */
		F068B644CAEA687CAC123FEB /* Resources */ = {
			isa = PBXResourcesBuildPhase;
			buildActionMask = 2147483647;
			files = (
				208F4E2D120B873C14543110 /* Assets.xcassets in Resources */,
				F3BE89AF622ED96C7AD497D6 /* bangcle_tables.bin in Resources */,
			);
			runOnlyForDeploymentPostprocessing = 0;
		};
/* End PBXResourcesBuildPhase section */

/* Begin PBXSourcesBuildPhase section */
		0455B6080626F2E59EBCF026 /* Sources */ = {
			isa = PBXSourcesBuildPhase;
			buildActionMask = 2147483647;
			files = (
				AB495C8B74C88FCF09291E60 /* BydLiveActivityAttributes.swift in Sources */,
				83A73F63946EF43788ADB5E6 /* BydLiveActivityWidget.swift in Sources */,
				938E5A704DF60CF1DDE965A0 /* BydStatsWidget.swift in Sources */,
			);
			runOnlyForDeploymentPostprocessing = 0;
		};
		EBB6273E3C251977939906F3 /* Sources */ = {
			isa = PBXSourcesBuildPhase;
			buildActionMask = 2147483647;
			files = (
				CCA78E09C92B3B5FC57EC9DC /* AppDelegate.swift in Sources */,
				A70C3A8D45BFCADD57F32F84 /* AppState.swift in Sources */,
				EAE905422372203A216641B0 /* BackgroundTaskManager.swift in Sources */,
				958CF93A2A73107D9886AC39 /* BangcleCodec.swift in Sources */,
				F5567F0F0563D363AFBA50C5 /* BatteryHistoryView.swift in Sources */,
				5D87049D8BCD49A0804FBB84 /* BydConfig.swift in Sources */,
				A8BC02C343B2C38A23D08BF9 /* BydLiveActivityAttributes.swift in Sources */,
				86C8D3D45A0A0AAF166B2995 /* BydStatsApp.swift in Sources */,
				10AF18CC59A485D0E89E3AE4 /* BydVehicleService.swift in Sources */,
				118BE4695A1D886EECE6C705 /* ChargingRatePlan.swift in Sources */,
				BD55B46A54855E3245764BE2 /* ChargingSession.swift in Sources */,
				6614C803145731FD9787DF40 /* ChargingSessionsView.swift in Sources */,
				3C652F7733AC00389C9337A3 /* CryptoUtils.swift in Sources */,
				640B3541C8B12CC9321186F8 /* DashboardView.swift in Sources */,
				451D3F1F7662F6941E2AD22F /* DataPoint.swift in Sources */,
				EDB725EF83E99A0603059D0E /* DrivingSession.swift in Sources */,
				F4E2B316D810DD29234622AD /* DrivingSessionsView.swift in Sources */,
				BDB868C6014604F546C61A88 /* KeychainHelper.swift in Sources */,
				EC1ACA703ADD5B166EFEBB6A /* LocationTracker.swift in Sources */,
				660E602DDCDBA34697C0F31D /* LogManager.swift in Sources */,
				16447B36012F710AB286B64E /* LogView.swift in Sources */,
				F287901D15F29FF081D65415 /* PushRegistrar.swift in Sources */,
				3616E564342AA6231D532E88 /* SessionDetector.swift in Sources */,
				E2798155C7FC2BA69B29D96B /* SettingsView.swift in Sources */,
				3D77981F6B6F7728562F8B86 /* VehicleStatus.swift in Sources */,
				DD6418659FE194E439C1BE72 /* WidgetDataStore.swift in Sources */,
			);
			runOnlyForDeploymentPostprocessing = 0;
		};
/* End PBXSourcesBuildPhase section */

/* Begin PBXTargetDependency section */
		F4E5D07B3AD8DE69409F2E67 /* PBXTargetDependency */ = {
			isa = PBXTargetDependency;
			target = 6AB67B9B67D76E945F21D96B /* BydStatsWidget */;
			targetProxy = 96E8B57DA1C6A631C07124F2 /* PBXContainerItemProxy */;
		};
/* End PBXTargetDependency section */

/* Begin XCBuildConfiguration section */
		1AAE9E5262CE1D2792631170 /* Debug */ = {
			isa = XCBuildConfiguration;
			baseConfigurationReference = 13A9ED1EF72A76C8DE01668C /* Secrets.xcconfig */;
			buildSettings = {
				ASSETCATALOG_COMPILER_APPICON_NAME = AppIcon;
				ASSETCATALOG_COMPILER_INCLUDE_ALL_APPICON_ASSETS = YES;
				ASSETCATALOG_COMPILER_SKIP_APP_STORE_DEPLOYMENT = YES;
				CODE_SIGN_ENTITLEMENTS = BydStats/Resources/BydStats.entitlements;
				CODE_SIGN_IDENTITY = "iPhone Developer";
				DEVELOPMENT_TEAM = "";
				ENABLE_PREVIEWS = YES;
				FRAMEWORK_SEARCH_PATHS = (
					"$(inherited)",
					"\".\"",
				);
				INFOPLIST_FILE = BydStats/Resources/Info.plist;
				IPHONEOS_DEPLOYMENT_TARGET = 17.0;
				LD_RUNPATH_SEARCH_PATHS = (
					"$(inherited)",
					"@executable_path/Frameworks",
				);
				PRODUCT_BUNDLE_IDENTIFIER = com.ggpark.BydStats;
				SDKROOT = iphoneos;
				SWIFT_VERSION = 6.0;
				TARGETED_DEVICE_FAMILY = 1;
			};
			name = Debug;
		};
		21B3CEEDDB43BD3C25F8E7F6 /* Release */ = {
			isa = XCBuildConfiguration;
			buildSettings = {
				CODE_SIGN_ENTITLEMENTS = BydStatsWidget/BydStatsWidget.entitlements;
				DEVELOPMENT_TEAM = "";
				INFOPLIST_FILE = BydStatsWidget/Info.plist;
				IPHONEOS_DEPLOYMENT_TARGET = 17.0;
				LD_RUNPATH_SEARCH_PATHS = (
					"$(inherited)",
					"@executable_path/Frameworks",
					"@executable_path/../../Frameworks",
				);
				PRODUCT_BUNDLE_IDENTIFIER = com.ggpark.BydStats.widget;
				SDKROOT = iphoneos;
				SKIP_INSTALL = YES;
				SWIFT_VERSION = 6.0;
				TARGETED_DEVICE_FAMILY = "1,2";
			};
			name = Release;
		};
		3D13AA2D018C155D7F24C886 /* Release */ = {
			isa = XCBuildConfiguration;
			buildSettings = {
				ALWAYS_SEARCH_USER_PATHS = NO;
				CLANG_ANALYZER_NONNULL = YES;
				CLANG_ANALYZER_NUMBER_OBJECT_CONVERSION = YES_AGGRESSIVE;
				CLANG_CXX_LANGUAGE_STANDARD = "gnu++14";
				CLANG_CXX_LIBRARY = "libc++";
				CLANG_ENABLE_MODULES = YES;
				CLANG_ENABLE_OBJC_ARC = YES;
				CLANG_ENABLE_OBJC_WEAK = YES;
				CLANG_WARN_BLOCK_CAPTURE_AUTORELEASING = YES;
				CLANG_WARN_BOOL_CONVERSION = YES;
				CLANG_WARN_COMMA = YES;
				CLANG_WARN_CONSTANT_CONVERSION = YES;
				CLANG_WARN_DEPRECATED_OBJC_IMPLEMENTATIONS = YES;
				CLANG_WARN_DIRECT_OBJC_ISA_USAGE = YES_ERROR;
				CLANG_WARN_DOCUMENTATION_COMMENTS = YES;
				CLANG_WARN_EMPTY_BODY = YES;
				CLANG_WARN_ENUM_CONVERSION = YES;
				CLANG_WARN_INFINITE_RECURSION = YES;
				CLANG_WARN_INT_CONVERSION = YES;
				CLANG_WARN_NON_LITERAL_NULL_CONVERSION = YES;
				CLANG_WARN_OBJC_IMPLICIT_RETAIN_SELF = YES;
				CLANG_WARN_OBJC_LITERAL_CONVERSION = YES;
				CLANG_WARN_OBJC_ROOT_CLASS = YES_ERROR;
				CLANG_WARN_QUOTED_INCLUDE_IN_FRAMEWORK_HEADER = YES;
				CLANG_WARN_RANGE_LOOP_ANALYSIS = YES;
				CLANG_WARN_STRICT_PROTOTYPES = YES;
				CLANG_WARN_SUSPICIOUS_MOVE = YES;
				CLANG_WARN_UNGUARDED_AVAILABILITY = YES_AGGRESSIVE;
				CLANG_WARN_UNREACHABLE_CODE = YES;
				CLANG_WARN__DUPLICATE_METHOD_MATCH = YES;
				COPY_PHASE_STRIP = NO;
				DEBUG_INFORMATION_FORMAT = "dwarf-with-dsym";
				ENABLE_NS_ASSERTIONS = NO;
				ENABLE_STRICT_OBJC_MSGSEND = YES;
				GCC_C_LANGUAGE_STANDARD = gnu11;
				GCC_NO_COMMON_BLOCKS = YES;
				GCC_WARN_64_TO_32_BIT_CONVERSION = YES;
				GCC_WARN_ABOUT_RETURN_TYPE = YES_ERROR;
				GCC_WARN_UNDECLARED_SELECTOR = YES;
				GCC_WARN_UNINITIALIZED_AUTOS = YES_AGGRESSIVE;
				GCC_WARN_UNUSED_FUNCTION = YES;
				GCC_WARN_UNUSED_VARIABLE = YES;
				IPHONEOS_DEPLOYMENT_TARGET = 17.0;
				MTL_ENABLE_DEBUG_INFO = NO;
				MTL_FAST_MATH = YES;
				PRODUCT_NAME = "$(TARGET_NAME)";
				SDKROOT = iphoneos;
				SWIFT_COMPILATION_MODE = wholemodule;
				SWIFT_OPTIMIZATION_LEVEL = "-O";
				SWIFT_VERSION = 5.0;
			};
			name = Release;
		};
		717D1F8FE4FD6477775ADDDF /* Debug */ = {
			isa = XCBuildConfiguration;
			buildSettings = {
				CODE_SIGN_ENTITLEMENTS = BydStatsWidget/BydStatsWidget.entitlements;
				DEVELOPMENT_TEAM = "";
				INFOPLIST_FILE = BydStatsWidget/Info.plist;
				IPHONEOS_DEPLOYMENT_TARGET = 17.0;
				LD_RUNPATH_SEARCH_PATHS = (
					"$(inherited)",
					"@executable_path/Frameworks",
					"@executable_path/../../Frameworks",
				);
				PRODUCT_BUNDLE_IDENTIFIER = com.ggpark.BydStats.widget;
				SDKROOT = iphoneos;
				SKIP_INSTALL = YES;
				SWIFT_VERSION = 6.0;
				TARGETED_DEVICE_FAMILY = "1,2";
			};
			name = Debug;
		};
		ED94298588E009C26C906C97 /* Release */ = {
			isa = XCBuildConfiguration;
			baseConfigurationReference = 13A9ED1EF72A76C8DE01668C /* Secrets.xcconfig */;
			buildSettings = {
				ASSETCATALOG_COMPILER_APPICON_NAME = AppIcon;
				ASSETCATALOG_COMPILER_INCLUDE_ALL_APPICON_ASSETS = YES;
				ASSETCATALOG_COMPILER_SKIP_APP_STORE_DEPLOYMENT = YES;
				CODE_SIGN_ENTITLEMENTS = BydStats/Resources/BydStats.entitlements;
				CODE_SIGN_IDENTITY = "iPhone Developer";
				DEVELOPMENT_TEAM = "";
				ENABLE_PREVIEWS = YES;
				FRAMEWORK_SEARCH_PATHS = (
					"$(inherited)",
					"\".\"",
				);
				INFOPLIST_FILE = BydStats/Resources/Info.plist;
				IPHONEOS_DEPLOYMENT_TARGET = 17.0;
				LD_RUNPATH_SEARCH_PATHS = (
					"$(inherited)",
					"@executable_path/Frameworks",
				);
				PRODUCT_BUNDLE_IDENTIFIER = com.ggpark.BydStats;
				SDKROOT = iphoneos;
				SWIFT_VERSION = 6.0;
				TARGETED_DEVICE_FAMILY = 1;
			};
			name = Release;
		};
		EFDC5924106996B1D729D48A /* Debug */ = {
			isa = XCBuildConfiguration;
			buildSettings = {
				ALWAYS_SEARCH_USER_PATHS = NO;
				CLANG_ANALYZER_NONNULL = YES;
				CLANG_ANALYZER_NUMBER_OBJECT_CONVERSION = YES_AGGRESSIVE;
				CLANG_CXX_LANGUAGE_STANDARD = "gnu++14";
				CLANG_CXX_LIBRARY = "libc++";
				CLANG_ENABLE_MODULES = YES;
				CLANG_ENABLE_OBJC_ARC = YES;
				CLANG_ENABLE_OBJC_WEAK = YES;
				CLANG_WARN_BLOCK_CAPTURE_AUTORELEASING = YES;
				CLANG_WARN_BOOL_CONVERSION = YES;
				CLANG_WARN_COMMA = YES;
				CLANG_WARN_CONSTANT_CONVERSION = YES;
				CLANG_WARN_DEPRECATED_OBJC_IMPLEMENTATIONS = YES;
				CLANG_WARN_DIRECT_OBJC_ISA_USAGE = YES_ERROR;
				CLANG_WARN_DOCUMENTATION_COMMENTS = YES;
				CLANG_WARN_EMPTY_BODY = YES;
				CLANG_WARN_ENUM_CONVERSION = YES;
				CLANG_WARN_INFINITE_RECURSION = YES;
				CLANG_WARN_INT_CONVERSION = YES;
				CLANG_WARN_NON_LITERAL_NULL_CONVERSION = YES;
				CLANG_WARN_OBJC_IMPLICIT_RETAIN_SELF = YES;
				CLANG_WARN_OBJC_LITERAL_CONVERSION = YES;
				CLANG_WARN_OBJC_ROOT_CLASS = YES_ERROR;
				CLANG_WARN_QUOTED_INCLUDE_IN_FRAMEWORK_HEADER = YES;
				CLANG_WARN_RANGE_LOOP_ANALYSIS = YES;
				CLANG_WARN_STRICT_PROTOTYPES = YES;
				CLANG_WARN_SUSPICIOUS_MOVE = YES;
				CLANG_WARN_UNGUARDED_AVAILABILITY = YES_AGGRESSIVE;
				CLANG_WARN_UNREACHABLE_CODE = YES;
				CLANG_WARN__DUPLICATE_METHOD_MATCH = YES;
				COPY_PHASE_STRIP = NO;
				DEBUG_INFORMATION_FORMAT = dwarf;
				ENABLE_STRICT_OBJC_MSGSEND = YES;
				ENABLE_TESTABILITY = YES;
				GCC_C_LANGUAGE_STANDARD = gnu11;
				GCC_DYNAMIC_NO_PIC = NO;
				GCC_NO_COMMON_BLOCKS = YES;
				GCC_OPTIMIZATION_LEVEL = 0;
				GCC_PREPROCESSOR_DEFINITIONS = (
					"$(inherited)",
					"DEBUG=1",
				);
				GCC_WARN_64_TO_32_BIT_CONVERSION = YES;
				GCC_WARN_ABOUT_RETURN_TYPE = YES_ERROR;
				GCC_WARN_UNDECLARED_SELECTOR = YES;
				GCC_WARN_UNINITIALIZED_AUTOS = YES_AGGRESSIVE;
				GCC_WARN_UNUSED_FUNCTION = YES;
				GCC_WARN_UNUSED_VARIABLE = YES;
				IPHONEOS_DEPLOYMENT_TARGET = 17.0;
				MTL_ENABLE_DEBUG_INFO = INCLUDE_SOURCE;
				MTL_FAST_MATH = YES;
				ONLY_ACTIVE_ARCH = YES;
				PRODUCT_NAME = "$(TARGET_NAME)";
				SDKROOT = iphoneos;
				SWIFT_ACTIVE_COMPILATION_CONDITIONS = DEBUG;
				SWIFT_OPTIMIZATION_LEVEL = "-Onone";
				SWIFT_VERSION = 5.0;
			};
			name = Debug;
		};
/* End XCBuildConfiguration section */

/* Begin XCConfigurationList section */
		3331B39814B27B887ED4F70E /* Build configuration list for PBXNativeTarget "BydStats" */ = {
			isa = XCConfigurationList;
			buildConfigurations = (
				1AAE9E5262CE1D2792631170 /* Debug */,
				ED94298588E009C26C906C97 /* Release */,
			);
			defaultConfigurationIsVisible = 0;
			defaultConfigurationName = Debug;
		};
		4A0D5965CAB5675D5E21DAB4 /* Build configuration list for PBXProject "BydStats" */ = {
			isa = XCConfigurationList;
			buildConfigurations = (
				EFDC5924106996B1D729D48A /* Debug */,
				3D13AA2D018C155D7F24C886 /* Release */,
			);
			defaultConfigurationIsVisible = 0;
			defaultConfigurationName = Debug;
		};
		6A7077EAA1542B1F7AF79997 /* Build configuration list for PBXNativeTarget "BydStatsWidget" */ = {
			isa = XCConfigurationList;
			buildConfigurations = (
				717D1F8FE4FD6477775ADDDF /* Debug */,
				21B3CEEDDB43BD3C25F8E7F6 /* Release */,
			);
			defaultConfigurationIsVisible = 0;
			defaultConfigurationName = Debug;
		};
/* End XCConfigurationList section */
	};
	rootObject = A4E9441F5F76E3B0B72FF45D /* Project object */;
}
